
Microsoft Visual Studio Solution File, Format Version 12.00
# Visual Studio Version 17
VisualStudioVersion = 17.10.34928.147
MinimumVisualStudioVersion = 10.0.40219.1
Project("{FAE04EC0-301F-11D3-BF4B-00C04F79EFBC}") = "Lab-2", "Lab-2.csproj", "{174E136B-B5A9-4F6B-A40A-891C152433E2}"
EndProject
Global
	GlobalSection(SolutionConfigurationPlatforms) = preSolution
		Debug|Any CPU = Debug|Any CPU
		Release|Any CPU = Release|Any CPU
	EndGlobalSection
	GlobalSection(ProjectConfigurationPlatforms) = postSolution
		{174E136B-B5A9-4F6B-A40A-891C152433E2}.Debug|Any CPU.ActiveCfg = Debug|Any CPU
		{174E136B-B5A9-4F6B-A40A-891C152433E2}.Debug|Any CPU.Build.0 = Debug|Any CPU
		{174E136B-B5A9-4F6B-A40A-891C152433E2}.Release|Any CPU.ActiveCfg = Release|Any CPU
		{174E136B-B5A9-4F6B-A40A-891C152433E2}.Release|Any CPU.Build.0 = Release|Any CPU
	EndGlobalSection
	GlobalSection(SolutionProperties) = preSolution
		HideSolutionNode = FALSE
	EndGlobalSection
	GlobalSection(ExtensibilityGlobals) = postSolution
		SolutionGuid = {715D4B63-21E0-42F6-87EF-8F33BD8445D7}
	EndGlobalSection
EndGlobal
