
Microsoft Visual Studio Solution File, Format Version 12.00
# Visual Studio Version 17
VisualStudioVersion = 17.10.34928.147
MinimumVisualStudioVersion = 10.0.40219.1
Project("{FAE04EC0-301F-11D3-BF4B-00C04F79EFBC}") = "Lab-4", "Lab-4.csproj", "{7170AD73-576A-4613-9A2D-924422479887}"
EndProject
Global
	GlobalSection(SolutionConfigurationPlatforms) = preSolution
		Debug|Any CPU = Debug|Any CPU
		Release|Any CPU = Release|Any CPU
	EndGlobalSection
	GlobalSection(ProjectConfigurationPlatforms) = postSolution
		{7170AD73-576A-4613-9A2D-924422479887}.Debug|Any CPU.ActiveCfg = Debug|Any CPU
		{7170AD73-576A-4613-9A2D-924422479887}.Debug|Any CPU.Build.0 = Debug|Any CPU
		{7170AD73-576A-4613-9A2D-924422479887}.Release|Any CPU.ActiveCfg = Release|Any CPU
		{7170AD73-576A-4613-9A2D-924422479887}.Release|Any CPU.Build.0 = Release|Any CPU
	EndGlobalSection
	GlobalSection(SolutionProperties) = preSolution
		HideSolutionNode = FALSE
	EndGlobalSection
	GlobalSection(ExtensibilityGlobals) = postSolution
		SolutionGuid = {CD2EED12-EB03-4E87-BFD3-324F5D4D08AF}
	EndGlobalSection
EndGlobal
